
Microsoft Visual Studio Solution File, Format Version 12.00
# Visual Studio Version 16
VisualStudioVersion = 16.0.32002.261
MinimumVisualStudioVersion = 10.0.40219.1
Project("{FAE04EC0-301F-11D3-BF4B-00C04F79EFBC}") = "RiffNamer", "RiffNamer.csproj", "{26A6E4A9-5448-4673-8A7F-C5B32899EF44}"
EndProject
Global
	GlobalSection(SolutionConfigurationPlatforms) = preSolution
		Debug|Any CPU = Debug|Any CPU
		Release|Any CPU = Release|Any CPU
	EndGlobalSection
	GlobalSection(ProjectConfigurationPlatforms) = postSolution
		{26A6E4A9-5448-4673-8A7F-C5B32899EF44}.Debug|Any CPU.ActiveCfg = Debug|Any CPU
		{26A6E4A9-5448-4673-8A7F-C5B32899EF44}.Debug|Any CPU.Build.0 = Debug|Any CPU
		{26A6E4A9-5448-4673-8A7F-C5B32899EF44}.Release|Any CPU.ActiveCfg = Release|Any CPU
		{26A6E4A9-5448-4673-8A7F-C5B32899EF44}.Release|Any CPU.Build.0 = Release|Any CPU
	EndGlobalSection
	GlobalSection(SolutionProperties) = preSolution
		HideSolutionNode = FALSE
	EndGlobalSection
	GlobalSection(ExtensibilityGlobals) = postSolution
		SolutionGuid = {01F84686-2A17-4579-B231-D4F4DC5D9DAC}
	EndGlobalSection
EndGlobal
